
Microsoft Visual Studio Solution File, Format Version 12.00
# Visual Studio 2013
VisualStudioVersion = 12.0.31101.0
MinimumVisualStudioVersion = 10.0.40219.1
Project("{FAE04EC0-301F-11D3-BF4B-00C04F79EFBC}") = "CPU Usage Sample", "CPU Usage Sample\CPU Usage Sample.csproj", "{02C41345-C6E8-4301-98EE-51E75860F0AD}"
EndProject
Global
	GlobalSection(SolutionConfigurationPlatforms) = preSolution
		Debug|Any CPU = Debug|Any CPU
		Release|Any CPU = Release|Any CPU
	EndGlobalSection
	GlobalSection(ProjectConfigurationPlatforms) = postSolution
		{02C41345-C6E8-4301-98EE-51E75860F0AD}.Debug|Any CPU.ActiveCfg = Debug|Any CPU
		{02C41345-C6E8-4301-98EE-51E75860F0AD}.Debug|Any CPU.Build.0 = Debug|Any CPU
		{02C41345-C6E8-4301-98EE-51E75860F0AD}.Release|Any CPU.ActiveCfg = Release|Any CPU
		{02C41345-C6E8-4301-98EE-51E75860F0AD}.Release|Any CPU.Build.0 = Release|Any CPU
	EndGlobalSection
	GlobalSection(SolutionProperties) = preSolution
		HideSolutionNode = FALSE
	EndGlobalSection
EndGlobal
